// !$*UTF8*$!
{
	archiveVersion = 1;
	classes = {
	};
	objectVersion = 50;
	objects = {

/* Begin PBXBuildFile section */
		3C4879862442EF29004FDD69 /* main.swift in Sources */ = {isa = PBXBuildFile; fileRef = 3C4879852442EF29004FDD69 /* main.swift */; };
		3C48798E2442F440004FDD69 /* RegistrationAPIManager.swift in Sources */ = {isa = PBXBuildFile; fileRef = 3C48798D2442F440004FDD69 /* RegistrationAPIManager.swift */; };
		3C4879912442F67F004FDD69 /* RegistrationAPIClient.swift in Sources */ = {isa = PBXBuildFile; fileRef = 3C4879902442F67F004FDD69 /* RegistrationAPIClient.swift */; };
		3C4879942442F7FD004FDD69 /* User.swift in Sources */ = {isa = PBXBuildFile; fileRef = 3C4879932442F7FD004FDD69 /* User.swift */; };
		3C4879972442FAAE004FDD69 /* ErrorHelper.swift in Sources */ = {isa = PBXBuildFile; fileRef = 3C4879962442FAAE004FDD69 /* ErrorHelper.swift */; };
		3C48799A2443080D004FDD69 /* MockData.swift in Sources */ = {isa = PBXBuildFile; fileRef = 3C4879992443080D004FDD69 /* MockData.swift */; };
		3C48799D24430AC4004FDD69 /* RegistrationController.swift in Sources */ = {isa = PBXBuildFile; fileRef = 3C48799C24430AC4004FDD69 /* RegistrationController.swift */; };
		3C4879A124430C80004FDD69 /* LoginAPIManager.swift in Sources */ = {isa = PBXBuildFile; fileRef = 3C4879A024430C80004FDD69 /* LoginAPIManager.swift */; };
		3C4879A324430C8D004FDD69 /* LoginAPIClient.swift in Sources */ = {isa = PBXBuildFile; fileRef = 3C4879A224430C8D004FDD69 /* LoginAPIClient.swift */; };
		3C4879A524430CA5004FDD69 /* LoginController.swift in Sources */ = {isa = PBXBuildFile; fileRef = 3C4879A424430CA5004FDD69 /* LoginController.swift */; };
		3C4879A824430EEF004FDD69 /* String+Extensions.swift in Sources */ = {isa = PBXBuildFile; fileRef = 3C4879A724430EEF004FDD69 /* String+Extensions.swift */; };
		3C60EA892445E59B0000D960 /* MenuItem.swift in Sources */ = {isa = PBXBuildFile; fileRef = 3C60EA882445E59B0000D960 /* MenuItem.swift */; };
		3C60EA8B2445EC200000D960 /* ShoppingCart.swift in Sources */ = {isa = PBXBuildFile; fileRef = 3C60EA8A2445EC200000D960 /* ShoppingCart.swift */; };
		3C9ABD62244B28C100FBA43B /* Promotion.swift in Sources */ = {isa = PBXBuildFile; fileRef = 3C9ABD61244B28C100FBA43B /* Promotion.swift */; };
		3C9ABD64244B2AD000FBA43B /* Checkout.swift in Sources */ = {isa = PBXBuildFile; fileRef = 3C9ABD63244B2AD000FBA43B /* Checkout.swift */; };
		3C9ABD66244B2B4100FBA43B /* Shipping.swift in Sources */ = {isa = PBXBuildFile; fileRef = 3C9ABD65244B2B4100FBA43B /* Shipping.swift */; };
		3C9ABD69244B2C7F00FBA43B /* MenuAPIManager.swift in Sources */ = {isa = PBXBuildFile; fileRef = 3C9ABD68244B2C7F00FBA43B /* MenuAPIManager.swift */; };
		3C9ABD6B244B2C9200FBA43B /* MenuAPIClient.swift in Sources */ = {isa = PBXBuildFile; fileRef = 3C9ABD6A244B2C9200FBA43B /* MenuAPIClient.swift */; };
		3C9ABD6D244B303300FBA43B /* MenuController.swift in Sources */ = {isa = PBXBuildFile; fileRef = 3C9ABD6C244B303300FBA43B /* MenuController.swift */; };
		3C9ABD70244B352700FBA43B /* PromotionAPIManager.swift in Sources */ = {isa = PBXBuildFile; fileRef = 3C9ABD6F244B352700FBA43B /* PromotionAPIManager.swift */; };
		3C9ABD72244B353300FBA43B /* PromotionAPIClient.swift in Sources */ = {isa = PBXBuildFile; fileRef = 3C9ABD71244B353300FBA43B /* PromotionAPIClient.swift */; };
		3C9ABD74244B435A00FBA43B /* PromotionController.swift in Sources */ = {isa = PBXBuildFile; fileRef = 3C9ABD73244B435A00FBA43B /* PromotionController.swift */; };
		3C9ABD78244B453100FBA43B /* ShoppingCartAPIManager.swift in Sources */ = {isa = PBXBuildFile; fileRef = 3C9ABD77244B453100FBA43B /* ShoppingCartAPIManager.swift */; };
		3C9ABD7A244B455200FBA43B /* ShoppingCartAPIClient.swift in Sources */ = {isa = PBXBuildFile; fileRef = 3C9ABD79244B455200FBA43B /* ShoppingCartAPIClient.swift */; };
		3C9ABD7C244B4B1600FBA43B /* CartController.swift in Sources */ = {isa = PBXBuildFile; fileRef = 3C9ABD7B244B4B1600FBA43B /* CartController.swift */; };
		3C9ABD7E244B4F6B00FBA43B /* CheckoutController.swift in Sources */ = {isa = PBXBuildFile; fileRef = 3C9ABD7D244B4F6B00FBA43B /* CheckoutController.swift */; };
		3CFBF30B244FFAE600CAD5F4 /* CheckoutAPIManager.swift in Sources */ = {isa = PBXBuildFile; fileRef = 3CFBF30A244FFAE600CAD5F4 /* CheckoutAPIManager.swift */; };
		3CFBF30D244FFBF400CAD5F4 /* CheckoutAPIClient.swift in Sources */ = {isa = PBXBuildFile; fileRef = 3CFBF30C244FFBF400CAD5F4 /* CheckoutAPIClient.swift */; };
/* End PBXBuildFile section */

/* Begin PBXCopyFilesBuildPhase section */
		3C4879802442EF29004FDD69 /* CopyFiles */ = {
			isa = PBXCopyFilesBuildPhase;
			buildActionMask = 2147483647;
			dstPath = /usr/share/man/man1/;
			dstSubfolderSpec = 0;
			files = (
			);
			runOnlyForDeploymentPostprocessing = 1;
		};
/* End PBXCopyFilesBuildPhase section */

/* Begin PBXFileReference section */
		3C4879822442EF29004FDD69 /* KFC */ = {isa = PBXFileReference; explicitFileType = "compiled.mach-o.executable"; includeInIndex = 0; path = KFC; sourceTree = BUILT_PRODUCTS_DIR; };
		3C4879852442EF29004FDD69 /* main.swift */ = {isa = PBXFileReference; lastKnownFileType = sourcecode.swift; path = main.swift; sourceTree = "<group>"; };
		3C48798D2442F440004FDD69 /* RegistrationAPIManager.swift */ = {isa = PBXFileReference; lastKnownFileType = sourcecode.swift; path = RegistrationAPIManager.swift; sourceTree = "<group>"; };
		3C4879902442F67F004FDD69 /* RegistrationAPIClient.swift */ = {isa = PBXFileReference; lastKnownFileType = sourcecode.swift; path = RegistrationAPIClient.swift; sourceTree = "<group>"; };
		3C4879932442F7FD004FDD69 /* User.swift */ = {isa = PBXFileReference; lastKnownFileType = sourcecode.swift; path = User.swift; sourceTree = "<group>"; };
		3C4879962442FAAE004FDD69 /* ErrorHelper.swift */ = {isa = PBXFileReference; lastKnownFileType = sourcecode.swift; path = ErrorHelper.swift; sourceTree = "<group>"; };
		3C4879992443080D004FDD69 /* MockData.swift */ = {isa = PBXFileReference; lastKnownFileType = sourcecode.swift; path = MockData.swift; sourceTree = "<group>"; };
		3C48799C24430AC4004FDD69 /* RegistrationController.swift */ = {isa = PBXFileReference; lastKnownFileType = sourcecode.swift; path = RegistrationController.swift; sourceTree = "<group>"; };
		3C4879A024430C80004FDD69 /* LoginAPIManager.swift */ = {isa = PBXFileReference; lastKnownFileType = sourcecode.swift; path = LoginAPIManager.swift; sourceTree = "<group>"; };
		3C4879A224430C8D004FDD69 /* LoginAPIClient.swift */ = {isa = PBXFileReference; lastKnownFileType = sourcecode.swift; path = LoginAPIClient.swift; sourceTree = "<group>"; };
		3C4879A424430CA5004FDD69 /* LoginController.swift */ = {isa = PBXFileReference; lastKnownFileType = sourcecode.swift; path = LoginController.swift; sourceTree = "<group>"; };
		3C4879A724430EEF004FDD69 /* String+Extensions.swift */ = {isa = PBXFileReference; lastKnownFileType = sourcecode.swift; path = "String+Extensions.swift"; sourceTree = "<group>"; };
		3C60EA882445E59B0000D960 /* MenuItem.swift */ = {isa = PBXFileReference; lastKnownFileType = sourcecode.swift; path = MenuItem.swift; sourceTree = "<group>"; };
		3C60EA8A2445EC200000D960 /* ShoppingCart.swift */ = {isa = PBXFileReference; lastKnownFileType = sourcecode.swift; path = ShoppingCart.swift; sourceTree = "<group>"; };
		3C9ABD61244B28C100FBA43B /* Promotion.swift */ = {isa = PBXFileReference; lastKnownFileType = sourcecode.swift; path = Promotion.swift; sourceTree = "<group>"; };
		3C9ABD63244B2AD000FBA43B /* Checkout.swift */ = {isa = PBXFileReference; lastKnownFileType = sourcecode.swift; path = Checkout.swift; sourceTree = "<group>"; };
		3C9ABD65244B2B4100FBA43B /* Shipping.swift */ = {isa = PBXFileReference; lastKnownFileType = sourcecode.swift; path = Shipping.swift; sourceTree = "<group>"; };
		3C9ABD68244B2C7F00FBA43B /* MenuAPIManager.swift */ = {isa = PBXFileReference; lastKnownFileType = sourcecode.swift; path = MenuAPIManager.swift; sourceTree = "<group>"; };
		3C9ABD6A244B2C9200FBA43B /* MenuAPIClient.swift */ = {isa = PBXFileReference; lastKnownFileType = sourcecode.swift; path = MenuAPIClient.swift; sourceTree = "<group>"; };
		3C9ABD6C244B303300FBA43B /* MenuController.swift */ = {isa = PBXFileReference; lastKnownFileType = sourcecode.swift; path = MenuController.swift; sourceTree = "<group>"; };
		3C9ABD6F244B352700FBA43B /* PromotionAPIManager.swift */ = {isa = PBXFileReference; lastKnownFileType = sourcecode.swift; path = PromotionAPIManager.swift; sourceTree = "<group>"; };
		3C9ABD71244B353300FBA43B /* PromotionAPIClient.swift */ = {isa = PBXFileReference; lastKnownFileType = sourcecode.swift; path = PromotionAPIClient.swift; sourceTree = "<group>"; };
		3C9ABD73244B435A00FBA43B /* PromotionController.swift */ = {isa = PBXFileReference; lastKnownFileType = sourcecode.swift; path = PromotionController.swift; sourceTree = "<group>"; };
		3C9ABD77244B453100FBA43B /* ShoppingCartAPIManager.swift */ = {isa = PBXFileReference; lastKnownFileType = sourcecode.swift; path = ShoppingCartAPIManager.swift; sourceTree = "<group>"; };
		3C9ABD79244B455200FBA43B /* ShoppingCartAPIClient.swift */ = {isa = PBXFileReference; lastKnownFileType = sourcecode.swift; path = ShoppingCartAPIClient.swift; sourceTree = "<group>"; };
		3C9ABD7B244B4B1600FBA43B /* CartController.swift */ = {isa = PBXFileReference; lastKnownFileType = sourcecode.swift; path = CartController.swift; sourceTree = "<group>"; };
		3C9ABD7D244B4F6B00FBA43B /* CheckoutController.swift */ = {isa = PBXFileReference; lastKnownFileType = sourcecode.swift; path = CheckoutController.swift; sourceTree = "<group>"; };
		3CFBF30A244FFAE600CAD5F4 /* CheckoutAPIManager.swift */ = {isa = PBXFileReference; lastKnownFileType = sourcecode.swift; path = CheckoutAPIManager.swift; sourceTree = "<group>"; };
		3CFBF30C244FFBF400CAD5F4 /* CheckoutAPIClient.swift */ = {isa = PBXFileReference; lastKnownFileType = sourcecode.swift; path = CheckoutAPIClient.swift; sourceTree = "<group>"; };
/* End PBXFileReference section */

/* Begin PBXFrameworksBuildPhase section */
		3C48797F2442EF29004FDD69 /* Frameworks */ = {
			isa = PBXFrameworksBuildPhase;
			buildActionMask = 2147483647;
			files = (
			);
			runOnlyForDeploymentPostprocessing = 0;
		};
/* End PBXFrameworksBuildPhase section */

/* Begin PBXGroup section */
		3C4879792442EF29004FDD69 = {
			isa = PBXGroup;
			children = (
				3C4879842442EF29004FDD69 /* KFC */,
				3C4879832442EF29004FDD69 /* Products */,
			);
			sourceTree = "<group>";
		};
		3C4879832442EF29004FDD69 /* Products */ = {
			isa = PBXGroup;
			children = (
				3C4879822442EF29004FDD69 /* KFC */,
			);
			name = Products;
			sourceTree = "<group>";
		};
		3C4879842442EF29004FDD69 /* KFC */ = {
			isa = PBXGroup;
			children = (
				3C4879A624430EDF004FDD69 /* Extensions */,
				3C48799B24430AB4004FDD69 /* Controllers */,
				3C4879952442FA9A004FDD69 /* Helper */,
				3C4879922442F7F0004FDD69 /* Models */,
				3C48798F2442F464004FDD69 /* MockData */,
				3C48798C2442F40A004FDD69 /* Services */,
				3C4879852442EF29004FDD69 /* main.swift */,
			);
			path = KFC;
			sourceTree = "<group>";
		};
		3C48798C2442F40A004FDD69 /* Services */ = {
			isa = PBXGroup;
			children = (
				3CFBF309244FFAD100CAD5F4 /* Checkout */,
				3C9ABD76244B451800FBA43B /* ShoppingCart */,
				3C9ABD6E244B34CC00FBA43B /* Promotion */,
				3C9ABD67244B2C6D00FBA43B /* Menu */,
				3C48799F24430C14004FDD69 /* Login */,
				3C48799E24430C0A004FDD69 /* Registration */,
			);
			path = Services;
			sourceTree = "<group>";
		};
		3C48798F2442F464004FDD69 /* MockData */ = {
			isa = PBXGroup;
			children = (
				3C4879992443080D004FDD69 /* MockData.swift */,
			);
			path = MockData;
			sourceTree = "<group>";
		};
		3C4879922442F7F0004FDD69 /* Models */ = {
			isa = PBXGroup;
			children = (
				3C4879932442F7FD004FDD69 /* User.swift */,
				3C60EA882445E59B0000D960 /* MenuItem.swift */,
				3C60EA8A2445EC200000D960 /* ShoppingCart.swift */,
				3C9ABD61244B28C100FBA43B /* Promotion.swift */,
				3C9ABD63244B2AD000FBA43B /* Checkout.swift */,
				3C9ABD65244B2B4100FBA43B /* Shipping.swift */,
			);
			path = Models;
			sourceTree = "<group>";
		};
		3C4879952442FA9A004FDD69 /* Helper */ = {
			isa = PBXGroup;
			children = (
				3C4879962442FAAE004FDD69 /* ErrorHelper.swift */,
			);
			path = Helper;
			sourceTree = "<group>";
		};
		3C48799B24430AB4004FDD69 /* Controllers */ = {
			isa = PBXGroup;
			children = (
				3C48799C24430AC4004FDD69 /* RegistrationController.swift */,
				3C4879A424430CA5004FDD69 /* LoginController.swift */,
				3C9ABD6C244B303300FBA43B /* MenuController.swift */,
				3C9ABD73244B435A00FBA43B /* PromotionController.swift */,
				3C9ABD7B244B4B1600FBA43B /* CartController.swift */,
				3C9ABD7D244B4F6B00FBA43B /* CheckoutController.swift */,
			);
			path = Controllers;
			sourceTree = "<group>";
		};
		3C48799E24430C0A004FDD69 /* Registration */ = {
			isa = PBXGroup;
			children = (
				3C48798D2442F440004FDD69 /* RegistrationAPIManager.swift */,
				3C4879902442F67F004FDD69 /* RegistrationAPIClient.swift */,
			);
			path = Registration;
			sourceTree = "<group>";
		};
		3C48799F24430C14004FDD69 /* Login */ = {
			isa = PBXGroup;
			children = (
				3C4879A024430C80004FDD69 /* LoginAPIManager.swift */,
				3C4879A224430C8D004FDD69 /* LoginAPIClient.swift */,
			);
			path = Login;
			sourceTree = "<group>";
		};
		3C4879A624430EDF004FDD69 /* Extensions */ = {
			isa = PBXGroup;
			children = (
				3C4879A724430EEF004FDD69 /* String+Extensions.swift */,
			);
			path = Extensions;
			sourceTree = "<group>";
		};
		3C9ABD67244B2C6D00FBA43B /* Menu */ = {
			isa = PBXGroup;
			children = (
				3C9ABD68244B2C7F00FBA43B /* MenuAPIManager.swift */,
				3C9ABD6A244B2C9200FBA43B /* MenuAPIClient.swift */,
			);
			path = Menu;
			sourceTree = "<group>";
		};
		3C9ABD6E244B34CC00FBA43B /* Promotion */ = {
			isa = PBXGroup;
			children = (
				3C9ABD6F244B352700FBA43B /* PromotionAPIManager.swift */,
				3C9ABD71244B353300FBA43B /* PromotionAPIClient.swift */,
			);
			path = Promotion;
			sourceTree = "<group>";
		};
		3C9ABD76244B451800FBA43B /* ShoppingCart */ = {
			isa = PBXGroup;
			children = (
				3C9ABD77244B453100FBA43B /* ShoppingCartAPIManager.swift */,
				3C9ABD79244B455200FBA43B /* ShoppingCartAPIClient.swift */,
			);
			path = ShoppingCart;
			sourceTree = "<group>";
		};
		3CFBF309244FFAD100CAD5F4 /* Checkout */ = {
			isa = PBXGroup;
			children = (
				3CFBF30A244FFAE600CAD5F4 /* CheckoutAPIManager.swift */,
				3CFBF30C244FFBF400CAD5F4 /* CheckoutAPIClient.swift */,
			);
			path = Checkout;
			sourceTree = "<group>";
		};
/* End PBXGroup section */

/* Begin PBXNativeTarget section */
		3C4879812442EF29004FDD69 /* KFC */ = {
			isa = PBXNativeTarget;
			buildConfigurationList = 3C4879892442EF29004FDD69 /* Build configuration list for PBXNativeTarget "KFC" */;
			buildPhases = (
				3C48797E2442EF29004FDD69 /* Sources */,
				3C48797F2442EF29004FDD69 /* Frameworks */,
				3C4879802442EF29004FDD69 /* CopyFiles */,
			);
			buildRules = (
			);
			dependencies = (
			);
			name = KFC;
			productName = KFC;
			productReference = 3C4879822442EF29004FDD69 /* KFC */;
			productType = "com.apple.product-type.tool";
		};
/* End PBXNativeTarget section */

/* Begin PBXProject section */
		3C48797A2442EF29004FDD69 /* Project object */ = {
			isa = PBXProject;
			attributes = {
				LastSwiftUpdateCheck = 1140;
				LastUpgradeCheck = 1140;
				ORGANIZATIONNAME = "Kittinun Chobtham";
				TargetAttributes = {
					3C4879812442EF29004FDD69 = {
						CreatedOnToolsVersion = 11.4;
					};
				};
			};
			buildConfigurationList = 3C48797D2442EF29004FDD69 /* Build configuration list for PBXProject "KFC" */;
			compatibilityVersion = "Xcode 9.3";
			developmentRegion = en;
			hasScannedForEncodings = 0;
			knownRegions = (
				en,
				Base,
			);
			mainGroup = 3C4879792442EF29004FDD69;
			productRefGroup = 3C4879832442EF29004FDD69 /* Products */;
			projectDirPath = "";
			projectRoot = "";
			targets = (
				3C4879812442EF29004FDD69 /* KFC */,
			);
		};
/* End PBXProject section */

/* Begin PBXSourcesBuildPhase section */
		3C48797E2442EF29004FDD69 /* Sources */ = {
			isa = PBXSourcesBuildPhase;
			buildActionMask = 2147483647;
			files = (
				3C4879A324430C8D004FDD69 /* LoginAPIClient.swift in Sources */,
				3CFBF30D244FFBF400CAD5F4 /* CheckoutAPIClient.swift in Sources */,
				3C9ABD62244B28C100FBA43B /* Promotion.swift in Sources */,
				3C4879A824430EEF004FDD69 /* String+Extensions.swift in Sources */,
				3C9ABD74244B435A00FBA43B /* PromotionController.swift in Sources */,
				3C48799D24430AC4004FDD69 /* RegistrationController.swift in Sources */,
				3C9ABD7E244B4F6B00FBA43B /* CheckoutController.swift in Sources */,
				3C9ABD6D244B303300FBA43B /* MenuController.swift in Sources */,
				3C4879942442F7FD004FDD69 /* User.swift in Sources */,
				3C48799A2443080D004FDD69 /* MockData.swift in Sources */,
				3C4879862442EF29004FDD69 /* main.swift in Sources */,
				3C9ABD70244B352700FBA43B /* PromotionAPIManager.swift in Sources */,
				3C9ABD78244B453100FBA43B /* ShoppingCartAPIManager.swift in Sources */,
				3C60EA892445E59B0000D960 /* MenuItem.swift in Sources */,
				3C9ABD6B244B2C9200FBA43B /* MenuAPIClient.swift in Sources */,
				3C4879972442FAAE004FDD69 /* ErrorHelper.swift in Sources */,
				3C4879912442F67F004FDD69 /* RegistrationAPIClient.swift in Sources */,
				3C4879A124430C80004FDD69 /* LoginAPIManager.swift in Sources */,
				3C9ABD66244B2B4100FBA43B /* Shipping.swift in Sources */,
				3C9ABD7A244B455200FBA43B /* ShoppingCartAPIClient.swift in Sources */,
				3C60EA8B2445EC200000D960 /* ShoppingCart.swift in Sources */,
				3C9ABD72244B353300FBA43B /* PromotionAPIClient.swift in Sources */,
				3C9ABD69244B2C7F00FBA43B /* MenuAPIManager.swift in Sources */,
				3CFBF30B244FFAE600CAD5F4 /* CheckoutAPIManager.swift in Sources */,
				3C9ABD64244B2AD000FBA43B /* Checkout.swift in Sources */,
				3C9ABD7C244B4B1600FBA43B /* CartController.swift in Sources */,
				3C48798E2442F440004FDD69 /* RegistrationAPIManager.swift in Sources */,
				3C4879A524430CA5004FDD69 /* LoginController.swift in Sources */,
			);
			runOnlyForDeploymentPostprocessing = 0;
		};
/* End PBXSourcesBuildPhase section */

/* Begin XCBuildConfiguration section */
		3C4879872442EF29004FDD69 /* Debug */ = {
			isa = XCBuildConfiguration;
			buildSettings = {
				ALWAYS_SEARCH_USER_PATHS = NO;
				CLANG_ANALYZER_NONNULL = YES;
				CLANG_ANALYZER_NUMBER_OBJECT_CONVERSION = YES_AGGRESSIVE;
				CLANG_CXX_LANGUAGE_STANDARD = "gnu++14";
				CLANG_CXX_LIBRARY = "libc++";
				CLANG_ENABLE_MODULES = YES;
				CLANG_ENABLE_OBJC_ARC = YES;
				CLANG_ENABLE_OBJC_WEAK = YES;
				CLANG_WARN_BLOCK_CAPTURE_AUTORELEASING = YES;
				CLANG_WARN_BOOL_CONVERSION = YES;
				CLANG_WARN_COMMA = YES;
				CLANG_WARN_CONSTANT_CONVERSION = YES;
				CLANG_WARN_DEPRECATED_OBJC_IMPLEMENTATIONS = YES;
				CLANG_WARN_DIRECT_OBJC_ISA_USAGE = YES_ERROR;
				CLANG_WARN_DOCUMENTATION_COMMENTS = YES;
				CLANG_WARN_EMPTY_BODY = YES;
				CLANG_WARN_ENUM_CONVERSION = YES;
				CLANG_WARN_INFINITE_RECURSION = YES;
				CLANG_WARN_INT_CONVERSION = YES;
				CLANG_WARN_NON_LITERAL_NULL_CONVERSION = YES;
				CLANG_WARN_OBJC_IMPLICIT_RETAIN_SELF = YES;
				CLANG_WARN_OBJC_LITERAL_CONVERSION = YES;
				CLANG_WARN_OBJC_ROOT_CLASS = YES_ERROR;
				CLANG_WARN_RANGE_LOOP_ANALYSIS = YES;
				CLANG_WARN_STRICT_PROTOTYPES = YES;
				CLANG_WARN_SUSPICIOUS_MOVE = YES;
				CLANG_WARN_UNGUARDED_AVAILABILITY = YES_AGGRESSIVE;
				CLANG_WARN_UNREACHABLE_CODE = YES;
				CLANG_WARN__DUPLICATE_METHOD_MATCH = YES;
				COPY_PHASE_STRIP = NO;
				DEBUG_INFORMATION_FORMAT = dwarf;
				ENABLE_STRICT_OBJC_MSGSEND = YES;
				ENABLE_TESTABILITY = YES;
				GCC_C_LANGUAGE_STANDARD = gnu11;
				GCC_DYNAMIC_NO_PIC = NO;
				GCC_NO_COMMON_BLOCKS = YES;
				GCC_OPTIMIZATION_LEVEL = 0;
				GCC_PREPROCESSOR_DEFINITIONS = (
					"DEBUG=1",
					"$(inherited)",
				);
				GCC_WARN_64_TO_32_BIT_CONVERSION = YES;
				GCC_WARN_ABOUT_RETURN_TYPE = YES_ERROR;
				GCC_WARN_UNDECLARED_SELECTOR = YES;
				GCC_WARN_UNINITIALIZED_AUTOS = YES_AGGRESSIVE;
				GCC_WARN_UNUSED_FUNCTION = YES;
				GCC_WARN_UNUSED_VARIABLE = YES;
				MACOSX_DEPLOYMENT_TARGET = 10.15;
				MTL_ENABLE_DEBUG_INFO = INCLUDE_SOURCE;
				MTL_FAST_MATH = YES;
				ONLY_ACTIVE_ARCH = YES;
				SDKROOT = macosx;
				SWIFT_ACTIVE_COMPILATION_CONDITIONS = DEBUG;
				SWIFT_OPTIMIZATION_LEVEL = "-Onone";
			};
			name = Debug;
		};
		3C4879882442EF29004FDD69 /* Release */ = {
			isa = XCBuildConfiguration;
			buildSettings = {
				ALWAYS_SEARCH_USER_PATHS = NO;
				CLANG_ANALYZER_NONNULL = YES;
				CLANG_ANALYZER_NUMBER_OBJECT_CONVERSION = YES_AGGRESSIVE;
				CLANG_CXX_LANGUAGE_STANDARD = "gnu++14";
				CLANG_CXX_LIBRARY = "libc++";
				CLANG_ENABLE_MODULES = YES;
				CLANG_ENABLE_OBJC_ARC = YES;
				CLANG_ENABLE_OBJC_WEAK = YES;
				CLANG_WARN_BLOCK_CAPTURE_AUTORELEASING = YES;
				CLANG_WARN_BOOL_CONVERSION = YES;
				CLANG_WARN_COMMA = YES;
				CLANG_WARN_CONSTANT_CONVERSION = YES;
				CLANG_WARN_DEPRECATED_OBJC_IMPLEMENTATIONS = YES;
				CLANG_WARN_DIRECT_OBJC_ISA_USAGE = YES_ERROR;
				CLANG_WARN_DOCUMENTATION_COMMENTS = YES;
				CLANG_WARN_EMPTY_BODY = YES;
				CLANG_WARN_ENUM_CONVERSION = YES;
				CLANG_WARN_INFINITE_RECURSION = YES;
				CLANG_WARN_INT_CONVERSION = YES;
				CLANG_WARN_NON_LITERAL_NULL_CONVERSION = YES;
				CLANG_WARN_OBJC_IMPLICIT_RETAIN_SELF = YES;
				CLANG_WARN_OBJC_LITERAL_CONVERSION = YES;
				CLANG_WARN_OBJC_ROOT_CLASS = YES_ERROR;
				CLANG_WARN_RANGE_LOOP_ANALYSIS = YES;
				CLANG_WARN_STRICT_PROTOTYPES = YES;
				CLANG_WARN_SUSPICIOUS_MOVE = YES;
				CLANG_WARN_UNGUARDED_AVAILABILITY = YES_AGGRESSIVE;
				CLANG_WARN_UNREACHABLE_CODE = YES;
				CLANG_WARN__DUPLICATE_METHOD_MATCH = YES;
				COPY_PHASE_STRIP = NO;
				DEBUG_INFORMATION_FORMAT = "dwarf-with-dsym";
				ENABLE_NS_ASSERTIONS = NO;
				ENABLE_STRICT_OBJC_MSGSEND = YES;
				GCC_C_LANGUAGE_STANDARD = gnu11;
				GCC_NO_COMMON_BLOCKS = YES;
				GCC_WARN_64_TO_32_BIT_CONVERSION = YES;
				GCC_WARN_ABOUT_RETURN_TYPE = YES_ERROR;
				GCC_WARN_UNDECLARED_SELECTOR = YES;
				GCC_WARN_UNINITIALIZED_AUTOS = YES_AGGRESSIVE;
				GCC_WARN_UNUSED_FUNCTION = YES;
				GCC_WARN_UNUSED_VARIABLE = YES;
				MACOSX_DEPLOYMENT_TARGET = 10.15;
				MTL_ENABLE_DEBUG_INFO = NO;
				MTL_FAST_MATH = YES;
				SDKROOT = macosx;
				SWIFT_COMPILATION_MODE = wholemodule;
				SWIFT_OPTIMIZATION_LEVEL = "-O";
			};
			name = Release;
		};
		3C48798A2442EF29004FDD69 /* Debug */ = {
			isa = XCBuildConfiguration;
			buildSettings = {
				CODE_SIGN_STYLE = Automatic;
				PRODUCT_NAME = "$(TARGET_NAME)";
				SWIFT_VERSION = 5.0;
			};
			name = Debug;
		};
		3C48798B2442EF29004FDD69 /* Release */ = {
			isa = XCBuildConfiguration;
			buildSettings = {
				CODE_SIGN_STYLE = Automatic;
				PRODUCT_NAME = "$(TARGET_NAME)";
				SWIFT_VERSION = 5.0;
			};
			name = Release;
		};
/* End XCBuildConfiguration section */

/* Begin XCConfigurationList section */
		3C48797D2442EF29004FDD69 /* Build configuration list for PBXProject "KFC" */ = {
			isa = XCConfigurationList;
			buildConfigurations = (
				3C4879872442EF29004FDD69 /* Debug */,
				3C4879882442EF29004FDD69 /* Release */,
			);
			defaultConfigurationIsVisible = 0;
			defaultConfigurationName = Release;
		};
		3C4879892442EF29004FDD69 /* Build configuration list for PBXNativeTarget "KFC" */ = {
			isa = XCConfigurationList;
			buildConfigurations = (
				3C48798A2442EF29004FDD69 /* Debug */,
				3C48798B2442EF29004FDD69 /* Release */,
			);
			defaultConfigurationIsVisible = 0;
			defaultConfigurationName = Release;
		};
/* End XCConfigurationList section */
	};
	rootObject = 3C48797A2442EF29004FDD69 /* Project object */;
}
